
Microsoft Visual Studio Solution File, Format Version 12.00
# Visual Studio 15
VisualStudioVersion = 15.0.28307.136
MinimumVisualStudioVersion = 10.0.40219.1
Project("{8BC9CEB8-8B4A-11D0-8D11-00A0C91BC942}") = "Project1", "Project1\Project1.vcxproj", "{1E57221A-0655-49B9-8455-E886FCB21FDD}"
EndProject
Global
	GlobalSection(SolutionConfigurationPlatforms) = preSolution
		Debug|x64 = Debug|x64
		Debug|x86 = Debug|x86
		Release|x64 = Release|x64
		Release|x86 = Release|x86
	EndGlobalSection
	GlobalSection(ProjectConfigurationPlatforms) = postSolution
		{1E57221A-0655-49B9-8455-E886FCB21FDD}.Debug|x64.ActiveCfg = Debug|x64
		{1E57221A-0655-49B9-8455-E886FCB21FDD}.Debug|x64.Build.0 = Debug|x64
		{1E57221A-0655-49B9-8455-E886FCB21FDD}.Debug|x86.ActiveCfg = Debug|Win32
		{1E57221A-0655-49B9-8455-E886FCB21FDD}.Debug|x86.Build.0 = Debug|Win32
		{1E57221A-0655-49B9-8455-E886FCB21FDD}.Release|x64.ActiveCfg = Release|x64
		{1E57221A-0655-49B9-8455-E886FCB21FDD}.Release|x64.Build.0 = Release|x64
		{1E57221A-0655-49B9-8455-E886FCB21FDD}.Release|x86.ActiveCfg = Release|Win32
		{1E57221A-0655-49B9-8455-E886FCB21FDD}.Release|x86.Build.0 = Release|Win32
	EndGlobalSection
	GlobalSection(SolutionProperties) = preSolution
		HideSolutionNode = FALSE
	EndGlobalSection
	GlobalSection(ExtensibilityGlobals) = postSolution
		SolutionGuid = {A86C23FC-B902-415A-81F5-5E338DB6EE24}
	EndGlobalSection
EndGlobal
